
Microsoft Visual Studio Solution File, Format Version 12.00
# Visual Studio Version 17
VisualStudioVersion = 17.3.32825.248
MinimumVisualStudioVersion = 10.0.40219.1
Project("{FAE04EC0-301F-11D3-BF4B-00C04F79EFBC}") = "CABLE_CONNECTION", "CABLE_CONNECTION\CABLE_CONNECTION.csproj", "{F271955E-16B5-4EC1-9425-3DACFF863D79}"
EndProject
Project("{FAE04EC0-301F-11D3-BF4B-00C04F79EFBC}") = "CABLE_OPERATIONS", "CABLE_OPERATIONS\CABLE_OPERATIONS.csproj", "{F6D0976A-ADFC-40D9-996D-10061D2535F6}"
EndProject
Global
	GlobalSection(SolutionConfigurationPlatforms) = preSolution
		Debug|Any CPU = Debug|Any CPU
		Release|Any CPU = Release|Any CPU
	EndGlobalSection
	GlobalSection(ProjectConfigurationPlatforms) = postSolution
		{F271955E-16B5-4EC1-9425-3DACFF863D79}.Debug|Any CPU.ActiveCfg = Debug|Any CPU
		{F271955E-16B5-4EC1-9425-3DACFF863D79}.Debug|Any CPU.Build.0 = Debug|Any CPU
		{F271955E-16B5-4EC1-9425-3DACFF863D79}.Release|Any CPU.ActiveCfg = Release|Any CPU
		{F271955E-16B5-4EC1-9425-3DACFF863D79}.Release|Any CPU.Build.0 = Release|Any CPU
		{F6D0976A-ADFC-40D9-996D-10061D2535F6}.Debug|Any CPU.ActiveCfg = Debug|Any CPU
		{F6D0976A-ADFC-40D9-996D-10061D2535F6}.Debug|Any CPU.Build.0 = Debug|Any CPU
		{F6D0976A-ADFC-40D9-996D-10061D2535F6}.Release|Any CPU.ActiveCfg = Release|Any CPU
		{F6D0976A-ADFC-40D9-996D-10061D2535F6}.Release|Any CPU.Build.0 = Release|Any CPU
	EndGlobalSection
	GlobalSection(SolutionProperties) = preSolution
		HideSolutionNode = FALSE
	EndGlobalSection
	GlobalSection(ExtensibilityGlobals) = postSolution
		SolutionGuid = {70E2B314-82C1-4698-9244-70ECC510D56F}
	EndGlobalSection
EndGlobal
